// !$*UTF8*$!
{
	archiveVersion = 1;
	classes = {
	};
	objectVersion = 46;
	objects = {

/* Begin PBXBuildFile section */
		1A13537F15C37C6E00D8FC78 /* MessageUI.framework in Frameworks */ = {isa = PBXBuildFile; fileRef = 1A13537E15C37C6E00D8FC78 /* MessageUI.framework */; };
		1A174DF21629BE20001D4CFC /* HistoryEditViewController.m in Sources */ = {isa = PBXBuildFile; fileRef = 1A174DF11629BE20001D4CFC /* HistoryEditViewController.m */; };
		1A1FE4C115B6D5430095F71D /* libsqlite3.dylib in Frameworks */ = {isa = PBXBuildFile; fileRef = 1A1FE4C015B6D5430095F71D /* libsqlite3.dylib */; };
		1A2AFFF715D5B8F000BDEB93 /* QuartzCore.framework in Frameworks */ = {isa = PBXBuildFile; fileRef = 1A2AFFF615D5B8F000BDEB93 /* QuartzCore.framework */; };
		1A2B5B9115FBDB2A002CCAAC /* BandSetCell.m in Sources */ = {isa = PBXBuildFile; fileRef = 1A2B5B9015FBDB2A002CCAAC /* BandSetCell.m */; };
		1A40FF3D1838322B0062FB32 /* Images.xcassets in Resources */ = {isa = PBXBuildFile; fileRef = 1A40FF3C1838322B0062FB32 /* Images.xcassets */; };
		1A53C5E915DD9BCE007CB53B /* Stat.m in Sources */ = {isa = PBXBuildFile; fileRef = 1A53C5E815DD9BCE007CB53B /* Stat.m */; };
		1A59ACC815B639A600A3B2E7 /* UIKit.framework in Frameworks */ = {isa = PBXBuildFile; fileRef = 1A59ACC715B639A600A3B2E7 /* UIKit.framework */; };
		1A59ACCA15B639A600A3B2E7 /* Foundation.framework in Frameworks */ = {isa = PBXBuildFile; fileRef = 1A59ACC915B639A600A3B2E7 /* Foundation.framework */; };
		1A59ACCC15B639A600A3B2E7 /* CoreGraphics.framework in Frameworks */ = {isa = PBXBuildFile; fileRef = 1A59ACCB15B639A600A3B2E7 /* CoreGraphics.framework */; };
		1A5BA0C31617760E005844A1 /* active@2x.png in Resources */ = {isa = PBXBuildFile; fileRef = 1A5BA0C21617760E005844A1 /* active@2x.png */; };
		1A68A24A1829B9690052F1D0 /* libGoogleAdMobAds.a in Frameworks */ = {isa = PBXBuildFile; fileRef = 1AE82D721829B54000065171 /* libGoogleAdMobAds.a */; };
		1A68A24B1829B9800052F1D0 /* libFlurry.a in Frameworks */ = {isa = PBXBuildFile; fileRef = 1A3997E11629AD7D00C8A8C7 /* libFlurry.a */; };
		1A68A24D1829B9BB0052F1D0 /* AVFoundation.framework in Frameworks */ = {isa = PBXBuildFile; fileRef = 1A68A24C1829B9BB0052F1D0 /* AVFoundation.framework */; };
		1A68A24E1829BA010052F1D0 /* AudioToolbox.framework in Frameworks */ = {isa = PBXBuildFile; fileRef = 1AE652C715EEF54300226C42 /* AudioToolbox.framework */; };
		1A68A2501829BA2A0052F1D0 /* StoreKit.framework in Frameworks */ = {isa = PBXBuildFile; fileRef = 1A68A24F1829BA2A0052F1D0 /* StoreKit.framework */; };
		1A68A2531829C2160052F1D0 /* AdViewController.m in Sources */ = {isa = PBXBuildFile; fileRef = 1A68A2521829C2160052F1D0 /* AdViewController.m */; };
		1A7A60FD1618A3DB00DD7A17 /* NotesViewController.m in Sources */ = {isa = PBXBuildFile; fileRef = 1A7A60FC1618A3DB00DD7A17 /* NotesViewController.m */; };
		1AA6142715C3B5C800F0C43D /* FMDatabase.m in Sources */ = {isa = PBXBuildFile; fileRef = 1AA613D215C3B5C800F0C43D /* FMDatabase.m */; };
		1AA6142815C3B5C800F0C43D /* FMDatabaseAdditions.m in Sources */ = {isa = PBXBuildFile; fileRef = 1AA613D415C3B5C800F0C43D /* FMDatabaseAdditions.m */; };
		1AA6142915C3B5C800F0C43D /* FMDatabasePool.m in Sources */ = {isa = PBXBuildFile; fileRef = 1AA613D615C3B5C800F0C43D /* FMDatabasePool.m */; };
		1AA6142A15C3B5C800F0C43D /* FMDatabaseQueue.m in Sources */ = {isa = PBXBuildFile; fileRef = 1AA613D815C3B5C800F0C43D /* FMDatabaseQueue.m */; };
		1AA6142B15C3B5C800F0C43D /* FMResultSet.m in Sources */ = {isa = PBXBuildFile; fileRef = 1AA613DA15C3B5C800F0C43D /* FMResultSet.m */; };
		1AA6142C15C3B5C800F0C43D /* IASKAppSettingsView.xib in Resources */ = {isa = PBXBuildFile; fileRef = 1AA613DB15C3B5C800F0C43D /* IASKAppSettingsView.xib */; };
		1AA6142D15C3B5C800F0C43D /* IASKAppSettingsViewController.m in Sources */ = {isa = PBXBuildFile; fileRef = 1AA613DD15C3B5C800F0C43D /* IASKAppSettingsViewController.m */; settings = {COMPILER_FLAGS = "-fno-objc-arc"; }; };
		1AA6142E15C3B5C800F0C43D /* IASKAppSettingsWebView.xib in Resources */ = {isa = PBXBuildFile; fileRef = 1AA613DE15C3B5C800F0C43D /* IASKAppSettingsWebView.xib */; };
		1AA6142F15C3B5C800F0C43D /* IASKAppSettingsWebViewController.m in Sources */ = {isa = PBXBuildFile; fileRef = 1AA613E015C3B5C800F0C43D /* IASKAppSettingsWebViewController.m */; settings = {COMPILER_FLAGS = "-fno-objc-arc"; }; };
		1AA6143015C3B5C800F0C43D /* IASKPSSliderSpecifierViewCell.m in Sources */ = {isa = PBXBuildFile; fileRef = 1AA613E215C3B5C800F0C43D /* IASKPSSliderSpecifierViewCell.m */; settings = {COMPILER_FLAGS = "-fno-objc-arc"; }; };
		1AA6143115C3B5C800F0C43D /* IASKPSSliderSpecifierViewCell.xib in Resources */ = {isa = PBXBuildFile; fileRef = 1AA613E315C3B5C800F0C43D /* IASKPSSliderSpecifierViewCell.xib */; };
		1AA6143215C3B5C800F0C43D /* IASKPSTextFieldSpecifierViewCell.m in Sources */ = {isa = PBXBuildFile; fileRef = 1AA613E515C3B5C800F0C43D /* IASKPSTextFieldSpecifierViewCell.m */; settings = {COMPILER_FLAGS = "-fno-objc-arc"; }; };
		1AA6143315C3B5C800F0C43D /* IASKPSTextFieldSpecifierViewCell.xib in Resources */ = {isa = PBXBuildFile; fileRef = 1AA613E615C3B5C800F0C43D /* IASKPSTextFieldSpecifierViewCell.xib */; };
		1AA6143415C3B5C800F0C43D /* IASKPSTitleValueSpecifierViewCell.m in Sources */ = {isa = PBXBuildFile; fileRef = 1AA613E815C3B5C800F0C43D /* IASKPSTitleValueSpecifierViewCell.m */; settings = {COMPILER_FLAGS = "-fno-objc-arc"; }; };
		1AA6143515C3B5C800F0C43D /* IASKPSToggleSwitchSpecifierViewCell.m in Sources */ = {isa = PBXBuildFile; fileRef = 1AA613EA15C3B5C800F0C43D /* IASKPSToggleSwitchSpecifierViewCell.m */; settings = {COMPILER_FLAGS = "-fno-objc-arc"; }; };
		1AA6143615C3B5C800F0C43D /* IASKPSToggleSwitchSpecifierViewCell.xib in Resources */ = {isa = PBXBuildFile; fileRef = 1AA613EB15C3B5C800F0C43D /* IASKPSToggleSwitchSpecifierViewCell.xib */; };
		1AA6143715C3B5C800F0C43D /* IASKSettingsReader.m in Sources */ = {isa = PBXBuildFile; fileRef = 1AA613ED15C3B5C800F0C43D /* IASKSettingsReader.m */; settings = {COMPILER_FLAGS = "-fno-objc-arc"; }; };
		1AA6143815C3B5C800F0C43D /* IASKSettingsStore.m in Sources */ = {isa = PBXBuildFile; fileRef = 1AA613EF15C3B5C800F0C43D /* IASKSettingsStore.m */; settings = {COMPILER_FLAGS = "-fno-objc-arc"; }; };
		1AA6143915C3B5C800F0C43D /* IASKSettingsStoreFile.m in Sources */ = {isa = PBXBuildFile; fileRef = 1AA613F115C3B5C800F0C43D /* IASKSettingsStoreFile.m */; settings = {COMPILER_FLAGS = "-fno-objc-arc"; }; };
		1AA6143A15C3B5C800F0C43D /* IASKSettingsStoreUserDefaults.m in Sources */ = {isa = PBXBuildFile; fileRef = 1AA613F315C3B5C800F0C43D /* IASKSettingsStoreUserDefaults.m */; settings = {COMPILER_FLAGS = "-fno-objc-arc"; }; };
		1AA6143B15C3B5C800F0C43D /* IASKSlider.m in Sources */ = {isa = PBXBuildFile; fileRef = 1AA613F515C3B5C800F0C43D /* IASKSlider.m */; settings = {COMPILER_FLAGS = "-fno-objc-arc"; }; };
		1AA6143C15C3B5C800F0C43D /* IASKSpecifier.m in Sources */ = {isa = PBXBuildFile; fileRef = 1AA613F715C3B5C800F0C43D /* IASKSpecifier.m */; settings = {COMPILER_FLAGS = "-fno-objc-arc"; }; };
		1AA6143D15C3B5C800F0C43D /* IASKSpecifierValuesView.xib in Resources */ = {isa = PBXBuildFile; fileRef = 1AA613F815C3B5C800F0C43D /* IASKSpecifierValuesView.xib */; };
		1AA6143E15C3B5C800F0C43D /* IASKSpecifierValuesViewController.m in Sources */ = {isa = PBXBuildFile; fileRef = 1AA613FA15C3B5C800F0C43D /* IASKSpecifierValuesViewController.m */; settings = {COMPILER_FLAGS = "-fno-objc-arc"; }; };
		1AA6143F15C3B5C800F0C43D /* IASKSwitch.m in Sources */ = {isa = PBXBuildFile; fileRef = 1AA613FC15C3B5C800F0C43D /* IASKSwitch.m */; settings = {COMPILER_FLAGS = "-fno-objc-arc"; }; };
		1AA6144015C3B5C800F0C43D /* IASKTextField.m in Sources */ = {isa = PBXBuildFile; fileRef = 1AA613FE15C3B5C800F0C43D /* IASKTextField.m */; settings = {COMPILER_FLAGS = "-fno-objc-arc"; }; };
		1AA6144115C3B5C800F0C43D /* DaysTableViewController.m in Sources */ = {isa = PBXBuildFile; fileRef = 1AA6140715C3B5C800F0C43D /* DaysTableViewController.m */; };
		1AA6144215C3B5C800F0C43D /* ProgramsTableViewController.m in Sources */ = {isa = PBXBuildFile; fileRef = 1AA6140915C3B5C800F0C43D /* ProgramsTableViewController.m */; };
		1AA6144415C3B5C800F0C43D /* DataHelper.m in Sources */ = {isa = PBXBuildFile; fileRef = 1AA6140D15C3B5C800F0C43D /* DataHelper.m */; };
		1AA6144515C3B5C800F0C43D /* Day.m in Sources */ = {isa = PBXBuildFile; fileRef = 1AA6141015C3B5C800F0C43D /* Day.m */; };
		1AA6144615C3B5C800F0C43D /* Exercise.m in Sources */ = {isa = PBXBuildFile; fileRef = 1AA6141215C3B5C800F0C43D /* Exercise.m */; };
		1AA6144715C3B5C800F0C43D /* Program.m in Sources */ = {isa = PBXBuildFile; fileRef = 1AA6141415C3B5C800F0C43D /* Program.m */; };
		1AA6144915C3B5C800F0C43D /* UTPAppDelegate.m in Sources */ = {isa = PBXBuildFile; fileRef = 1AA6141815C3B5C800F0C43D /* UTPAppDelegate.m */; };
		1AA6144A15C3B5C800F0C43D /* MainStoryboard.storyboard in Resources */ = {isa = PBXBuildFile; fileRef = 1AA6141A15C3B5C800F0C43D /* MainStoryboard.storyboard */; };
		1AA6144B15C3B5C800F0C43D /* 14-gear.png in Resources */ = {isa = PBXBuildFile; fileRef = 1AA6141C15C3B5C800F0C43D /* 14-gear.png */; };
		1AA6144C15C3B5C800F0C43D /* 14-gear@2x.png in Resources */ = {isa = PBXBuildFile; fileRef = 1AA6141D15C3B5C800F0C43D /* 14-gear@2x.png */; };
		1AA6144D15C3B5C800F0C43D /* 89-dumbells.png in Resources */ = {isa = PBXBuildFile; fileRef = 1AA6141E15C3B5C800F0C43D /* 89-dumbells.png */; };
		1AA6144E15C3B5C800F0C43D /* 89-dumbells@2x.png in Resources */ = {isa = PBXBuildFile; fileRef = 1AA6141F15C3B5C800F0C43D /* 89-dumbells@2x.png */; };
		1AA6144F15C3B5C800F0C43D /* InfoPlist.strings in Resources */ = {isa = PBXBuildFile; fileRef = 1AA6142115C3B5C800F0C43D /* InfoPlist.strings */; };
		1AA6145015C3B5C800F0C43D /* main.m in Sources */ = {isa = PBXBuildFile; fileRef = 1AA6142215C3B5C800F0C43D /* main.m */; };
		1AA6145115C3B5C800F0C43D /* Settings.bundle in Resources */ = {isa = PBXBuildFile; fileRef = 1AA6142315C3B5C800F0C43D /* Settings.bundle */; };
		1AA8855315D72D3200C6894A /* 19-circle-check.png in Resources */ = {isa = PBXBuildFile; fileRef = 1AA8854F15D72D3200C6894A /* 19-circle-check.png */; };
		1AA8855415D72D3200C6894A /* 19-circle-check@2x.png in Resources */ = {isa = PBXBuildFile; fileRef = 1AA8855015D72D3200C6894A /* 19-circle-check@2x.png */; };
		1AA8855515D72D3200C6894A /* 37-circle-x.png in Resources */ = {isa = PBXBuildFile; fileRef = 1AA8855115D72D3200C6894A /* 37-circle-x.png */; };
		1AA8855615D72D3200C6894A /* 37-circle-x@2x.png in Resources */ = {isa = PBXBuildFile; fileRef = 1AA8855215D72D3200C6894A /* 37-circle-x@2x.png */; };
		1AAE31B0161BEBAE00E3C18B /* ultitrack.png in Resources */ = {isa = PBXBuildFile; fileRef = 1AAE31AE161BEBAE00E3C18B /* ultitrack.png */; };
		1AAE31B1161BEBAE00E3C18B /* ultitrack@2x.png in Resources */ = {isa = PBXBuildFile; fileRef = 1AAE31AF161BEBAE00E3C18B /* ultitrack@2x.png */; };
		1AAE31C2161E4B5100E3C18B /* AdSupport.framework in Frameworks */ = {isa = PBXBuildFile; fileRef = 1AAE31C1161E4B5100E3C18B /* AdSupport.framework */; };
		1AAE31C4161E4CB900E3C18B /* Background@2x.png in Resources */ = {isa = PBXBuildFile; fileRef = 1AAE31C3161E4CB900E3C18B /* Background@2x.png */; };
		1AAE31D9161E792E00E3C18B /* metal_pressed@2x.png in Resources */ = {isa = PBXBuildFile; fileRef = 1AAE31D7161E792E00E3C18B /* metal_pressed@2x.png */; };
		1AAE31DE161E7C8800E3C18B /* metal@2x.png in Resources */ = {isa = PBXBuildFile; fileRef = 1AAE31DD161E7C8700E3C18B /* metal@2x.png */; };
		1AAE31E5161E8F9000E3C18B /* reset_pressed@2x.png in Resources */ = {isa = PBXBuildFile; fileRef = 1AAE31DF161E8F8F00E3C18B /* reset_pressed@2x.png */; };
		1AAE31E6161E8F9000E3C18B /* reset@2x.png in Resources */ = {isa = PBXBuildFile; fileRef = 1AAE31E0161E8F8F00E3C18B /* reset@2x.png */; };
		1AAE31E7161E8F9000E3C18B /* start_pressed@2x.png in Resources */ = {isa = PBXBuildFile; fileRef = 1AAE31E1161E8F8F00E3C18B /* start_pressed@2x.png */; };
		1AAE31E8161E8F9000E3C18B /* start@2x.png in Resources */ = {isa = PBXBuildFile; fileRef = 1AAE31E2161E8F8F00E3C18B /* start@2x.png */; };
		1AAE31E9161E8F9000E3C18B /* stop_pressed@2x.png in Resources */ = {isa = PBXBuildFile; fileRef = 1AAE31E3161E8F8F00E3C18B /* stop_pressed@2x.png */; };
		1AAE31EA161E8F9000E3C18B /* stop@2x.png in Resources */ = {isa = PBXBuildFile; fileRef = 1AAE31E4161E8F8F00E3C18B /* stop@2x.png */; };
		1ABB690A15FAC18200A81E48 /* BandSetTableViewController.m in Sources */ = {isa = PBXBuildFile; fileRef = 1ABB690915FAC18200A81E48 /* BandSetTableViewController.m */; };
		1ABB690E15FAD23A00A81E48 /* Band.m in Sources */ = {isa = PBXBuildFile; fileRef = 1ABB690D15FAD23A00A81E48 /* Band.m */; };
		1ABB691115FAD76300A81E48 /* BandSet.m in Sources */ = {isa = PBXBuildFile; fileRef = 1ABB691015FAD76300A81E48 /* BandSet.m */; };
		1ABF360E15D8D40300992839 /* ExerciseDetailViewController.m in Sources */ = {isa = PBXBuildFile; fileRef = 1ABF360D15D8D40300992839 /* ExerciseDetailViewController.m */; };
		1ABF361315D8D93500992839 /* 39-back.png in Resources */ = {isa = PBXBuildFile; fileRef = 1ABF360F15D8D93500992839 /* 39-back.png */; };
		1ABF361415D8D93500992839 /* 39-back@2x.png in Resources */ = {isa = PBXBuildFile; fileRef = 1ABF361015D8D93500992839 /* 39-back@2x.png */; };
		1ABF361515D8D93500992839 /* 40-forward.png in Resources */ = {isa = PBXBuildFile; fileRef = 1ABF361115D8D93500992839 /* 40-forward.png */; };
		1ABF361615D8D93500992839 /* 40-forward@2x.png in Resources */ = {isa = PBXBuildFile; fileRef = 1ABF361215D8D93500992839 /* 40-forward@2x.png */; };
		1ABFBF2D15C8AB2D00F93D62 /* ProgramSettings.plist in Resources */ = {isa = PBXBuildFile; fileRef = 1ABFBF2C15C8AB2D00F93D62 /* ProgramSettings.plist */; };
		1AD352B715F3CAB000E4C29A /* UT90.sqlite in Resources */ = {isa = PBXBuildFile; fileRef = 1AD352B615F3CAB000E4C29A /* UT90.sqlite */; };
		1AE179FF1607B8290032B363 /* BandDetailTableViewController.m in Sources */ = {isa = PBXBuildFile; fileRef = 1AE179FE1607B8290032B363 /* BandDetailTableViewController.m */; };
		1AE17A071607D9470032B363 /* BandDetailCell.m in Sources */ = {isa = PBXBuildFile; fileRef = 1AE17A061607D9470032B363 /* BandDetailCell.m */; };
		1AE17A0E16080D9F0032B363 /* 83-calendar.png in Resources */ = {isa = PBXBuildFile; fileRef = 1AE17A0C16080D9F0032B363 /* 83-calendar.png */; };
		1AE17A0F16080D9F0032B363 /* 83-calendar@2x.png in Resources */ = {isa = PBXBuildFile; fileRef = 1AE17A0D16080D9F0032B363 /* 83-calendar@2x.png */; };
		1AE17A12160985990032B363 /* HistoryTableViewController.m in Sources */ = {isa = PBXBuildFile; fileRef = 1AE17A11160985990032B363 /* HistoryTableViewController.m */; };
		1AE17A15160AC0FD0032B363 /* HistoryCell.m in Sources */ = {isa = PBXBuildFile; fileRef = 1AE17A14160AC0FD0032B363 /* HistoryCell.m */; };
		1AE652CA15EEF55900226C42 /* SystemConfiguration.framework in Frameworks */ = {isa = PBXBuildFile; fileRef = 1AE652C915EEF55900226C42 /* SystemConfiguration.framework */; };
		1AE82D751829B54000065171 /* README.txt in Resources */ = {isa = PBXBuildFile; fileRef = 1AE82D731829B54000065171 /* README.txt */; };
		5705E3F814E144D19A572927 /* libPods.a in Frameworks */ = {isa = PBXBuildFile; fileRef = 02676A9AEBDC4CCC93E0A579 /* libPods.a */; };
/* End PBXBuildFile section */

/* Begin PBXFileReference section */
		02676A9AEBDC4CCC93E0A579 /* libPods.a */ = {isa = PBXFileReference; explicitFileType = archive.ar; includeInIndex = 0; path = libPods.a; sourceTree = BUILT_PRODUCTS_DIR; };
		1A13537E15C37C6E00D8FC78 /* MessageUI.framework */ = {isa = PBXFileReference; lastKnownFileType = wrapper.framework; name = MessageUI.framework; path = System/Library/Frameworks/MessageUI.framework; sourceTree = SDKROOT; };
		1A174DF01629BE20001D4CFC /* HistoryEditViewController.h */ = {isa = PBXFileReference; fileEncoding = 4; lastKnownFileType = sourcecode.c.h; path = HistoryEditViewController.h; sourceTree = "<group>"; };
		1A174DF11629BE20001D4CFC /* HistoryEditViewController.m */ = {isa = PBXFileReference; fileEncoding = 4; lastKnownFileType = sourcecode.c.objc; path = HistoryEditViewController.m; sourceTree = "<group>"; };
		1A1FE4C015B6D5430095F71D /* libsqlite3.dylib */ = {isa = PBXFileReference; lastKnownFileType = "compiled.mach-o.dylib"; name = libsqlite3.dylib; path = usr/lib/libsqlite3.dylib; sourceTree = SDKROOT; };
		1A2AFFF615D5B8F000BDEB93 /* QuartzCore.framework */ = {isa = PBXFileReference; lastKnownFileType = wrapper.framework; name = QuartzCore.framework; path = System/Library/Frameworks/QuartzCore.framework; sourceTree = SDKROOT; };
		1A2B5B8F15FBDB2A002CCAAC /* BandSetCell.h */ = {isa = PBXFileReference; fileEncoding = 4; lastKnownFileType = sourcecode.c.h; path = BandSetCell.h; sourceTree = "<group>"; };
		1A2B5B9015FBDB2A002CCAAC /* BandSetCell.m */ = {isa = PBXFileReference; fileEncoding = 4; lastKnownFileType = sourcecode.c.objc; path = BandSetCell.m; sourceTree = "<group>"; };
		1A3997E11629AD7D00C8A8C7 /* libFlurry.a */ = {isa = PBXFileReference; lastKnownFileType = archive.ar; name = libFlurry.a; path = Flurry/libFlurry.a; sourceTree = "<group>"; };
		1A3997E41629ADFE00C8A8C7 /* Flurry.h */ = {isa = PBXFileReference; fileEncoding = 4; lastKnownFileType = sourcecode.c.h; name = Flurry.h; path = Flurry/Flurry.h; sourceTree = "<group>"; };
		1A40FF3C1838322B0062FB32 /* Images.xcassets */ = {isa = PBXFileReference; lastKnownFileType = folder.assetcatalog; name = Images.xcassets; path = UltiTrack90/Images.xcassets; sourceTree = "<group>"; };
		1A53C5E715DD9BCE007CB53B /* Stat.h */ = {isa = PBXFileReference; fileEncoding = 4; lastKnownFileType = sourcecode.c.h; path = Stat.h; sourceTree = "<group>"; };
		1A53C5E815DD9BCE007CB53B /* Stat.m */ = {isa = PBXFileReference; fileEncoding = 4; lastKnownFileType = sourcecode.c.objc; path = Stat.m; sourceTree = "<group>"; };
		1A59ACC315B639A600A3B2E7 /* UltiTrack for P90X.app */ = {isa = PBXFileReference; explicitFileType = wrapper.application; includeInIndex = 0; path = "UltiTrack for P90X.app"; sourceTree = BUILT_PRODUCTS_DIR; };
		1A59ACC715B639A600A3B2E7 /* UIKit.framework */ = {isa = PBXFileReference; lastKnownFileType = wrapper.framework; name = UIKit.framework; path = System/Library/Frameworks/UIKit.framework; sourceTree = SDKROOT; };
		1A59ACC915B639A600A3B2E7 /* Foundation.framework */ = {isa = PBXFileReference; lastKnownFileType = wrapper.framework; name = Foundation.framework; path = System/Library/Frameworks/Foundation.framework; sourceTree = SDKROOT; };
		1A59ACCB15B639A600A3B2E7 /* CoreGraphics.framework */ = {isa = PBXFileReference; lastKnownFileType = wrapper.framework; name = CoreGraphics.framework; path = System/Library/Frameworks/CoreGraphics.framework; sourceTree = SDKROOT; };
		1A5BA0C21617760E005844A1 /* active@2x.png */ = {isa = PBXFileReference; lastKnownFileType = image.png; path = "active@2x.png"; sourceTree = "<group>"; };
		1A68A24C1829B9BB0052F1D0 /* AVFoundation.framework */ = {isa = PBXFileReference; lastKnownFileType = wrapper.framework; name = AVFoundation.framework; path = System/Library/Frameworks/AVFoundation.framework; sourceTree = SDKROOT; };
		1A68A24F1829BA2A0052F1D0 /* StoreKit.framework */ = {isa = PBXFileReference; lastKnownFileType = wrapper.framework; name = StoreKit.framework; path = System/Library/Frameworks/StoreKit.framework; sourceTree = SDKROOT; };
		1A68A2511829C2160052F1D0 /* AdViewController.h */ = {isa = PBXFileReference; fileEncoding = 4; lastKnownFileType = sourcecode.c.h; path = AdViewController.h; sourceTree = "<group>"; };
		1A68A2521829C2160052F1D0 /* AdViewController.m */ = {isa = PBXFileReference; fileEncoding = 4; lastKnownFileType = sourcecode.c.objc; path = AdViewController.m; sourceTree = "<group>"; };
		1A7A60FB1618A3DB00DD7A17 /* NotesViewController.h */ = {isa = PBXFileReference; fileEncoding = 4; lastKnownFileType = sourcecode.c.h; path = NotesViewController.h; sourceTree = "<group>"; };
		1A7A60FC1618A3DB00DD7A17 /* NotesViewController.m */ = {isa = PBXFileReference; fileEncoding = 4; lastKnownFileType = sourcecode.c.objc; path = NotesViewController.m; sourceTree = "<group>"; };
		1AA613D115C3B5C800F0C43D /* FMDatabase.h */ = {isa = PBXFileReference; fileEncoding = 4; lastKnownFileType = sourcecode.c.h; path = FMDatabase.h; sourceTree = "<group>"; };
		1AA613D215C3B5C800F0C43D /* FMDatabase.m */ = {isa = PBXFileReference; fileEncoding = 4; lastKnownFileType = sourcecode.c.objc; path = FMDatabase.m; sourceTree = "<group>"; };
		1AA613D315C3B5C800F0C43D /* FMDatabaseAdditions.h */ = {isa = PBXFileReference; fileEncoding = 4; lastKnownFileType = sourcecode.c.h; path = FMDatabaseAdditions.h; sourceTree = "<group>"; };
		1AA613D415C3B5C800F0C43D /* FMDatabaseAdditions.m */ = {isa = PBXFileReference; fileEncoding = 4; lastKnownFileType = sourcecode.c.objc; path = FMDatabaseAdditions.m; sourceTree = "<group>"; };
		1AA613D515C3B5C800F0C43D /* FMDatabasePool.h */ = {isa = PBXFileReference; fileEncoding = 4; lastKnownFileType = sourcecode.c.h; path = FMDatabasePool.h; sourceTree = "<group>"; };
		1AA613D615C3B5C800F0C43D /* FMDatabasePool.m */ = {isa = PBXFileReference; fileEncoding = 4; lastKnownFileType = sourcecode.c.objc; path = FMDatabasePool.m; sourceTree = "<group>"; };
		1AA613D715C3B5C800F0C43D /* FMDatabaseQueue.h */ = {isa = PBXFileReference; fileEncoding = 4; lastKnownFileType = sourcecode.c.h; path = FMDatabaseQueue.h; sourceTree = "<group>"; };
		1AA613D815C3B5C800F0C43D /* FMDatabaseQueue.m */ = {isa = PBXFileReference; fileEncoding = 4; lastKnownFileType = sourcecode.c.objc; path = FMDatabaseQueue.m; sourceTree = "<group>"; };
		1AA613D915C3B5C800F0C43D /* FMResultSet.h */ = {isa = PBXFileReference; fileEncoding = 4; lastKnownFileType = sourcecode.c.h; path = FMResultSet.h; sourceTree = "<group>"; };
		1AA613DA15C3B5C800F0C43D /* FMResultSet.m */ = {isa = PBXFileReference; fileEncoding = 4; lastKnownFileType = sourcecode.c.objc; path = FMResultSet.m; sourceTree = "<group>"; };
		1AA613DB15C3B5C800F0C43D /* IASKAppSettingsView.xib */ = {isa = PBXFileReference; fileEncoding = 4; lastKnownFileType = file.xib; path = IASKAppSettingsView.xib; sourceTree = "<group>"; };
		1AA613DC15C3B5C800F0C43D /* IASKAppSettingsViewController.h */ = {isa = PBXFileReference; fileEncoding = 4; lastKnownFileType = sourcecode.c.h; path = IASKAppSettingsViewController.h; sourceTree = "<group>"; };
		1AA613DD15C3B5C800F0C43D /* IASKAppSettingsViewController.m */ = {isa = PBXFileReference; fileEncoding = 4; lastKnownFileType = sourcecode.c.objc; path = IASKAppSettingsViewController.m; sourceTree = "<group>"; };
		1AA613DE15C3B5C800F0C43D /* IASKAppSettingsWebView.xib */ = {isa = PBXFileReference; fileEncoding = 4; lastKnownFileType = file.xib; path = IASKAppSettingsWebView.xib; sourceTree = "<group>"; };
		1AA613DF15C3B5C800F0C43D /* IASKAppSettingsWebViewController.h */ = {isa = PBXFileReference; fileEncoding = 4; lastKnownFileType = sourcecode.c.h; path = IASKAppSettingsWebViewController.h; sourceTree = "<group>"; };
		1AA613E015C3B5C800F0C43D /* IASKAppSettingsWebViewController.m */ = {isa = PBXFileReference; fileEncoding = 4; lastKnownFileType = sourcecode.c.objc; path = IASKAppSettingsWebViewController.m; sourceTree = "<group>"; };
		1AA613E115C3B5C800F0C43D /* IASKPSSliderSpecifierViewCell.h */ = {isa = PBXFileReference; fileEncoding = 4; lastKnownFileType = sourcecode.c.h; path = IASKPSSliderSpecifierViewCell.h; sourceTree = "<group>"; };
		1AA613E215C3B5C800F0C43D /* IASKPSSliderSpecifierViewCell.m */ = {isa = PBXFileReference; fileEncoding = 4; lastKnownFileType = sourcecode.c.objc; path = IASKPSSliderSpecifierViewCell.m; sourceTree = "<group>"; };
		1AA613E315C3B5C800F0C43D /* IASKPSSliderSpecifierViewCell.xib */ = {isa = PBXFileReference; fileEncoding = 4; lastKnownFileType = file.xib; path = IASKPSSliderSpecifierViewCell.xib; sourceTree = "<group>"; };
		1AA613E415C3B5C800F0C43D /* IASKPSTextFieldSpecifierViewCell.h */ = {isa = PBXFileReference; fileEncoding = 4; lastKnownFileType = sourcecode.c.h; path = IASKPSTextFieldSpecifierViewCell.h; sourceTree = "<group>"; };
		1AA613E515C3B5C800F0C43D /* IASKPSTextFieldSpecifierViewCell.m */ = {isa = PBXFileReference; fileEncoding = 4; lastKnownFileType = sourcecode.c.objc; path = IASKPSTextFieldSpecifierViewCell.m; sourceTree = "<group>"; };
		1AA613E615C3B5C800F0C43D /* IASKPSTextFieldSpecifierViewCell.xib */ = {isa = PBXFileReference; fileEncoding = 4; lastKnownFileType = file.xib; path = IASKPSTextFieldSpecifierViewCell.xib; sourceTree = "<group>"; };
		1AA613E715C3B5C800F0C43D /* IASKPSTitleValueSpecifierViewCell.h */ = {isa = PBXFileReference; fileEncoding = 4; lastKnownFileType = sourcecode.c.h; path = IASKPSTitleValueSpecifierViewCell.h; sourceTree = "<group>"; };
		1AA613E815C3B5C800F0C43D /* IASKPSTitleValueSpecifierViewCell.m */ = {isa = PBXFileReference; fileEncoding = 4; lastKnownFileType = sourcecode.c.objc; path = IASKPSTitleValueSpecifierViewCell.m; sourceTree = "<group>"; };
		1AA613E915C3B5C800F0C43D /* IASKPSToggleSwitchSpecifierViewCell.h */ = {isa = PBXFileReference; fileEncoding = 4; lastKnownFileType = sourcecode.c.h; path = IASKPSToggleSwitchSpecifierViewCell.h; sourceTree = "<group>"; };
		1AA613EA15C3B5C800F0C43D /* IASKPSToggleSwitchSpecifierViewCell.m */ = {isa = PBXFileReference; fileEncoding = 4; lastKnownFileType = sourcecode.c.objc; path = IASKPSToggleSwitchSpecifierViewCell.m; sourceTree = "<group>"; };
		1AA613EB15C3B5C800F0C43D /* IASKPSToggleSwitchSpecifierViewCell.xib */ = {isa = PBXFileReference; fileEncoding = 4; lastKnownFileType = file.xib; path = IASKPSToggleSwitchSpecifierViewCell.xib; sourceTree = "<group>"; };
		1AA613EC15C3B5C800F0C43D /* IASKSettingsReader.h */ = {isa = PBXFileReference; fileEncoding = 4; lastKnownFileType = sourcecode.c.h; path = IASKSettingsReader.h; sourceTree = "<group>"; };
		1AA613ED15C3B5C800F0C43D /* IASKSettingsReader.m */ = {isa = PBXFileReference; fileEncoding = 4; lastKnownFileType = sourcecode.c.objc; path = IASKSettingsReader.m; sourceTree = "<group>"; };
		1AA613EE15C3B5C800F0C43D /* IASKSettingsStore.h */ = {isa = PBXFileReference; fileEncoding = 4; lastKnownFileType = sourcecode.c.h; path = IASKSettingsStore.h; sourceTree = "<group>"; };
		1AA613EF15C3B5C800F0C43D /* IASKSettingsStore.m */ = {isa = PBXFileReference; fileEncoding = 4; lastKnownFileType = sourcecode.c.objc; path = IASKSettingsStore.m; sourceTree = "<group>"; };
		1AA613F015C3B5C800F0C43D /* IASKSettingsStoreFile.h */ = {isa = PBXFileReference; fileEncoding = 4; lastKnownFileType = sourcecode.c.h; path = IASKSettingsStoreFile.h; sourceTree = "<group>"; };
		1AA613F115C3B5C800F0C43D /* IASKSettingsStoreFile.m */ = {isa = PBXFileReference; fileEncoding = 4; lastKnownFileType = sourcecode.c.objc; path = IASKSettingsStoreFile.m; sourceTree = "<group>"; };
		1AA613F215C3B5C800F0C43D /* IASKSettingsStoreUserDefaults.h */ = {isa = PBXFileReference; fileEncoding = 4; lastKnownFileType = sourcecode.c.h; path = IASKSettingsStoreUserDefaults.h; sourceTree = "<group>"; };
		1AA613F315C3B5C800F0C43D /* IASKSettingsStoreUserDefaults.m */ = {isa = PBXFileReference; fileEncoding = 4; lastKnownFileType = sourcecode.c.objc; path = IASKSettingsStoreUserDefaults.m; sourceTree = "<group>"; };
		1AA613F415C3B5C800F0C43D /* IASKSlider.h */ = {isa = PBXFileReference; fileEncoding = 4; lastKnownFileType = sourcecode.c.h; path = IASKSlider.h; sourceTree = "<group>"; };
		1AA613F515C3B5C800F0C43D /* IASKSlider.m */ = {isa = PBXFileReference; fileEncoding = 4; lastKnownFileType = sourcecode.c.objc; path = IASKSlider.m; sourceTree = "<group>"; };
		1AA613F615C3B5C800F0C43D /* IASKSpecifier.h */ = {isa = PBXFileReference; fileEncoding = 4; lastKnownFileType = sourcecode.c.h; path = IASKSpecifier.h; sourceTree = "<group>"; };
		1AA613F715C3B5C800F0C43D /* IASKSpecifier.m */ = {isa = PBXFileReference; fileEncoding = 4; lastKnownFileType = sourcecode.c.objc; path = IASKSpecifier.m; sourceTree = "<group>"; };
		1AA613F815C3B5C800F0C43D /* IASKSpecifierValuesView.xib */ = {isa = PBXFileReference; fileEncoding = 4; lastKnownFileType = file.xib; path = IASKSpecifierValuesView.xib; sourceTree = "<group>"; };
		1AA613F915C3B5C800F0C43D /* IASKSpecifierValuesViewController.h */ = {isa = PBXFileReference; fileEncoding = 4; lastKnownFileType = sourcecode.c.h; path = IASKSpecifierValuesViewController.h; sourceTree = "<group>"; };
		1AA613FA15C3B5C800F0C43D /* IASKSpecifierValuesViewController.m */ = {isa = PBXFileReference; fileEncoding = 4; lastKnownFileType = sourcecode.c.objc; path = IASKSpecifierValuesViewController.m; sourceTree = "<group>"; };
		1AA613FB15C3B5C800F0C43D /* IASKSwitch.h */ = {isa = PBXFileReference; fileEncoding = 4; lastKnownFileType = sourcecode.c.h; path = IASKSwitch.h; sourceTree = "<group>"; };
		1AA613FC15C3B5C800F0C43D /* IASKSwitch.m */ = {isa = PBXFileReference; fileEncoding = 4; lastKnownFileType = sourcecode.c.objc; path = IASKSwitch.m; sourceTree = "<group>"; };
		1AA613FD15C3B5C800F0C43D /* IASKTextField.h */ = {isa = PBXFileReference; fileEncoding = 4; lastKnownFileType = sourcecode.c.h; path = IASKTextField.h; sourceTree = "<group>"; };
		1AA613FE15C3B5C800F0C43D /* IASKTextField.m */ = {isa = PBXFileReference; fileEncoding = 4; lastKnownFileType = sourcecode.c.objc; path = IASKTextField.m; sourceTree = "<group>"; };
		1AA613FF15C3B5C800F0C43D /* IASKViewController.h */ = {isa = PBXFileReference; fileEncoding = 4; lastKnownFileType = sourcecode.c.h; path = IASKViewController.h; sourceTree = "<group>"; };
		1AA6140615C3B5C800F0C43D /* DaysTableViewController.h */ = {isa = PBXFileReference; fileEncoding = 4; lastKnownFileType = sourcecode.c.h; path = DaysTableViewController.h; sourceTree = "<group>"; };
		1AA6140715C3B5C800F0C43D /* DaysTableViewController.m */ = {isa = PBXFileReference; fileEncoding = 4; lastKnownFileType = sourcecode.c.objc; path = DaysTableViewController.m; sourceTree = "<group>"; };
		1AA6140815C3B5C800F0C43D /* ProgramsTableViewController.h */ = {isa = PBXFileReference; fileEncoding = 4; lastKnownFileType = sourcecode.c.h; path = ProgramsTableViewController.h; sourceTree = "<group>"; };
		1AA6140915C3B5C800F0C43D /* ProgramsTableViewController.m */ = {isa = PBXFileReference; fileEncoding = 4; lastKnownFileType = sourcecode.c.objc; path = ProgramsTableViewController.m; sourceTree = "<group>"; };
		1AA6140C15C3B5C800F0C43D /* DataHelper.h */ = {isa = PBXFileReference; fileEncoding = 4; lastKnownFileType = sourcecode.c.h; path = DataHelper.h; sourceTree = "<group>"; };
		1AA6140D15C3B5C800F0C43D /* DataHelper.m */ = {isa = PBXFileReference; fileEncoding = 4; lastKnownFileType = sourcecode.c.objc; path = DataHelper.m; sourceTree = "<group>"; };
		1AA6140F15C3B5C800F0C43D /* Day.h */ = {isa = PBXFileReference; fileEncoding = 4; lastKnownFileType = sourcecode.c.h; path = Day.h; sourceTree = "<group>"; };
		1AA6141015C3B5C800F0C43D /* Day.m */ = {isa = PBXFileReference; fileEncoding = 4; lastKnownFileType = sourcecode.c.objc; path = Day.m; sourceTree = "<group>"; };
		1AA6141115C3B5C800F0C43D /* Exercise.h */ = {isa = PBXFileReference; fileEncoding = 4; lastKnownFileType = sourcecode.c.h; path = Exercise.h; sourceTree = "<group>"; };
		1AA6141215C3B5C800F0C43D /* Exercise.m */ = {isa = PBXFileReference; fileEncoding = 4; lastKnownFileType = sourcecode.c.objc; path = Exercise.m; sourceTree = "<group>"; };
		1AA6141315C3B5C800F0C43D /* Program.h */ = {isa = PBXFileReference; fileEncoding = 4; lastKnownFileType = sourcecode.c.h; path = Program.h; sourceTree = "<group>"; };
		1AA6141415C3B5C800F0C43D /* Program.m */ = {isa = PBXFileReference; fileEncoding = 4; lastKnownFileType = sourcecode.c.objc; path = Program.m; sourceTree = "<group>"; };
		1AA6141715C3B5C800F0C43D /* UTPAppDelegate.h */ = {isa = PBXFileReference; fileEncoding = 4; lastKnownFileType = sourcecode.c.h; path = UTPAppDelegate.h; sourceTree = "<group>"; };
		1AA6141815C3B5C800F0C43D /* UTPAppDelegate.m */ = {isa = PBXFileReference; fileEncoding = 4; lastKnownFileType = sourcecode.c.objc; path = UTPAppDelegate.m; sourceTree = "<group>"; };
		1AA6141A15C3B5C800F0C43D /* MainStoryboard.storyboard */ = {isa = PBXFileReference; fileEncoding = 4; lastKnownFileType = file.storyboard; path = MainStoryboard.storyboard; sourceTree = "<group>"; };
		1AA6141C15C3B5C800F0C43D /* 14-gear.png */ = {isa = PBXFileReference; lastKnownFileType = image.png; path = "14-gear.png"; sourceTree = "<group>"; };
		1AA6141D15C3B5C800F0C43D /* 14-gear@2x.png */ = {isa = PBXFileReference; lastKnownFileType = image.png; path = "14-gear@2x.png"; sourceTree = "<group>"; };
		1AA6141E15C3B5C800F0C43D /* 89-dumbells.png */ = {isa = PBXFileReference; lastKnownFileType = image.png; path = "89-dumbells.png"; sourceTree = "<group>"; };
		1AA6141F15C3B5C800F0C43D /* 89-dumbells@2x.png */ = {isa = PBXFileReference; lastKnownFileType = image.png; path = "89-dumbells@2x.png"; sourceTree = "<group>"; };
		1AA6142115C3B5C800F0C43D /* InfoPlist.strings */ = {isa = PBXFileReference; fileEncoding = 4; lastKnownFileType = text.plist.strings; name = InfoPlist.strings; path = ../InfoPlist.strings; sourceTree = "<group>"; };
		1AA6142215C3B5C800F0C43D /* main.m */ = {isa = PBXFileReference; fileEncoding = 4; lastKnownFileType = sourcecode.c.objc; path = main.m; sourceTree = "<group>"; };
		1AA6142315C3B5C800F0C43D /* Settings.bundle */ = {isa = PBXFileReference; lastKnownFileType = "wrapper.plug-in"; path = Settings.bundle; sourceTree = "<group>"; };
		1AA6142415C3B5C800F0C43D /* UltiTrack for P90X-Info.plist */ = {isa = PBXFileReference; fileEncoding = 4; lastKnownFileType = text.plist.xml; name = "UltiTrack for P90X-Info.plist"; path = "../UltiTrack for P90X-Info.plist"; sourceTree = "<group>"; };
		1AA6142515C3B5C800F0C43D /* UltiTrack for P90X-Prefix.pch */ = {isa = PBXFileReference; fileEncoding = 4; lastKnownFileType = sourcecode.c.h; name = "UltiTrack for P90X-Prefix.pch"; path = "../UltiTrack for P90X-Prefix.pch"; sourceTree = "<group>"; };
		1AA8854F15D72D3200C6894A /* 19-circle-check.png */ = {isa = PBXFileReference; lastKnownFileType = image.png; path = "19-circle-check.png"; sourceTree = "<group>"; };
		1AA8855015D72D3200C6894A /* 19-circle-check@2x.png */ = {isa = PBXFileReference; lastKnownFileType = image.png; path = "19-circle-check@2x.png"; sourceTree = "<group>"; };
		1AA8855115D72D3200C6894A /* 37-circle-x.png */ = {isa = PBXFileReference; lastKnownFileType = image.png; path = "37-circle-x.png"; sourceTree = "<group>"; };
		1AA8855215D72D3200C6894A /* 37-circle-x@2x.png */ = {isa = PBXFileReference; lastKnownFileType = image.png; path = "37-circle-x@2x.png"; sourceTree = "<group>"; };
		1AAE31AE161BEBAE00E3C18B /* ultitrack.png */ = {isa = PBXFileReference; lastKnownFileType = image.png; path = ultitrack.png; sourceTree = "<group>"; };
		1AAE31AF161BEBAE00E3C18B /* ultitrack@2x.png */ = {isa = PBXFileReference; lastKnownFileType = image.png; path = "ultitrack@2x.png"; sourceTree = "<group>"; };
		1AAE31C1161E4B5100E3C18B /* AdSupport.framework */ = {isa = PBXFileReference; lastKnownFileType = wrapper.framework; name = AdSupport.framework; path = System/Library/Frameworks/AdSupport.framework; sourceTree = SDKROOT; };
		1AAE31C3161E4CB900E3C18B /* Background@2x.png */ = {isa = PBXFileReference; lastKnownFileType = image.png; path = "Background@2x.png"; sourceTree = "<group>"; };
		1AAE31D7161E792E00E3C18B /* metal_pressed@2x.png */ = {isa = PBXFileReference; lastKnownFileType = image.png; path = "metal_pressed@2x.png"; sourceTree = "<group>"; };
		1AAE31DD161E7C8700E3C18B /* metal@2x.png */ = {isa = PBXFileReference; lastKnownFileType = image.png; path = "metal@2x.png"; sourceTree = "<group>"; };
		1AAE31DF161E8F8F00E3C18B /* reset_pressed@2x.png */ = {isa = PBXFileReference; lastKnownFileType = image.png; path = "reset_pressed@2x.png"; sourceTree = "<group>"; };
		1AAE31E0161E8F8F00E3C18B /* reset@2x.png */ = {isa = PBXFileReference; lastKnownFileType = image.png; path = "reset@2x.png"; sourceTree = "<group>"; };
		1AAE31E1161E8F8F00E3C18B /* start_pressed@2x.png */ = {isa = PBXFileReference; lastKnownFileType = image.png; path = "start_pressed@2x.png"; sourceTree = "<group>"; };
		1AAE31E2161E8F8F00E3C18B /* start@2x.png */ = {isa = PBXFileReference; lastKnownFileType = image.png; path = "start@2x.png"; sourceTree = "<group>"; };
		1AAE31E3161E8F8F00E3C18B /* stop_pressed@2x.png */ = {isa = PBXFileReference; lastKnownFileType = image.png; path = "stop_pressed@2x.png"; sourceTree = "<group>"; };
		1AAE31E4161E8F8F00E3C18B /* stop@2x.png */ = {isa = PBXFileReference; lastKnownFileType = image.png; path = "stop@2x.png"; sourceTree = "<group>"; };
		1ABB690815FAC18200A81E48 /* BandSetTableViewController.h */ = {isa = PBXFileReference; fileEncoding = 4; lastKnownFileType = sourcecode.c.h; path = BandSetTableViewController.h; sourceTree = "<group>"; };
		1ABB690915FAC18200A81E48 /* BandSetTableViewController.m */ = {isa = PBXFileReference; fileEncoding = 4; lastKnownFileType = sourcecode.c.objc; path = BandSetTableViewController.m; sourceTree = "<group>"; };
		1ABB690C15FAD23A00A81E48 /* Band.h */ = {isa = PBXFileReference; fileEncoding = 4; lastKnownFileType = sourcecode.c.h; path = Band.h; sourceTree = "<group>"; };
		1ABB690D15FAD23A00A81E48 /* Band.m */ = {isa = PBXFileReference; fileEncoding = 4; lastKnownFileType = sourcecode.c.objc; path = Band.m; sourceTree = "<group>"; };
		1ABB690F15FAD76200A81E48 /* BandSet.h */ = {isa = PBXFileReference; fileEncoding = 4; lastKnownFileType = sourcecode.c.h; path = BandSet.h; sourceTree = "<group>"; };
		1ABB691015FAD76300A81E48 /* BandSet.m */ = {isa = PBXFileReference; fileEncoding = 4; lastKnownFileType = sourcecode.c.objc; path = BandSet.m; sourceTree = "<group>"; };
		1ABF360C15D8D40300992839 /* ExerciseDetailViewController.h */ = {isa = PBXFileReference; fileEncoding = 4; lastKnownFileType = sourcecode.c.h; path = ExerciseDetailViewController.h; sourceTree = "<group>"; };
		1ABF360D15D8D40300992839 /* ExerciseDetailViewController.m */ = {isa = PBXFileReference; fileEncoding = 4; lastKnownFileType = sourcecode.c.objc; path = ExerciseDetailViewController.m; sourceTree = "<group>"; };
		1ABF360F15D8D93500992839 /* 39-back.png */ = {isa = PBXFileReference; lastKnownFileType = image.png; path = "39-back.png"; sourceTree = "<group>"; };
		1ABF361015D8D93500992839 /* 39-back@2x.png */ = {isa = PBXFileReference; lastKnownFileType = image.png; path = "39-back@2x.png"; sourceTree = "<group>"; };
		1ABF361115D8D93500992839 /* 40-forward.png */ = {isa = PBXFileReference; lastKnownFileType = image.png; path = "40-forward.png"; sourceTree = "<group>"; };
		1ABF361215D8D93500992839 /* 40-forward@2x.png */ = {isa = PBXFileReference; lastKnownFileType = image.png; path = "40-forward@2x.png"; sourceTree = "<group>"; };
		1ABFBF2C15C8AB2D00F93D62 /* ProgramSettings.plist */ = {isa = PBXFileReference; fileEncoding = 4; lastKnownFileType = text.plist.xml; path = ProgramSettings.plist; sourceTree = "<group>"; };
		1AD352B615F3CAB000E4C29A /* UT90.sqlite */ = {isa = PBXFileReference; lastKnownFileType = file; path = UT90.sqlite; sourceTree = "<group>"; };
		1AE179FD1607B8290032B363 /* BandDetailTableViewController.h */ = {isa = PBXFileReference; fileEncoding = 4; lastKnownFileType = sourcecode.c.h; path = BandDetailTableViewController.h; sourceTree = "<group>"; };
		1AE179FE1607B8290032B363 /* BandDetailTableViewController.m */ = {isa = PBXFileReference; fileEncoding = 4; lastKnownFileType = sourcecode.c.objc; path = BandDetailTableViewController.m; sourceTree = "<group>"; };
		1AE17A051607D9470032B363 /* BandDetailCell.h */ = {isa = PBXFileReference; fileEncoding = 4; lastKnownFileType = sourcecode.c.h; path = BandDetailCell.h; sourceTree = "<group>"; };
		1AE17A061607D9470032B363 /* BandDetailCell.m */ = {isa = PBXFileReference; fileEncoding = 4; lastKnownFileType = sourcecode.c.objc; path = BandDetailCell.m; sourceTree = "<group>"; };
		1AE17A0C16080D9F0032B363 /* 83-calendar.png */ = {isa = PBXFileReference; lastKnownFileType = image.png; path = "83-calendar.png"; sourceTree = "<group>"; };
		1AE17A0D16080D9F0032B363 /* 83-calendar@2x.png */ = {isa = PBXFileReference; lastKnownFileType = image.png; path = "83-calendar@2x.png"; sourceTree = "<group>"; };
		1AE17A10160985980032B363 /* HistoryTableViewController.h */ = {isa = PBXFileReference; fileEncoding = 4; lastKnownFileType = sourcecode.c.h; path = HistoryTableViewController.h; sourceTree = "<group>"; };
		1AE17A11160985990032B363 /* HistoryTableViewController.m */ = {isa = PBXFileReference; fileEncoding = 4; lastKnownFileType = sourcecode.c.objc; path = HistoryTableViewController.m; sourceTree = "<group>"; };
		1AE17A13160AC0FC0032B363 /* HistoryCell.h */ = {isa = PBXFileReference; fileEncoding = 4; lastKnownFileType = sourcecode.c.h; path = HistoryCell.h; sourceTree = "<group>"; };
		1AE17A14160AC0FD0032B363 /* HistoryCell.m */ = {isa = PBXFileReference; fileEncoding = 4; lastKnownFileType = sourcecode.c.objc; path = HistoryCell.m; sourceTree = "<group>"; };
		1AE652C715EEF54300226C42 /* AudioToolbox.framework */ = {isa = PBXFileReference; lastKnownFileType = wrapper.framework; name = AudioToolbox.framework; path = System/Library/Frameworks/AudioToolbox.framework; sourceTree = SDKROOT; };
		1AE652C915EEF55900226C42 /* SystemConfiguration.framework */ = {isa = PBXFileReference; lastKnownFileType = wrapper.framework; name = SystemConfiguration.framework; path = System/Library/Frameworks/SystemConfiguration.framework; sourceTree = SDKROOT; };
		1AE82D691829B54000065171 /* GADAdMobExtras.h */ = {isa = PBXFileReference; fileEncoding = 4; lastKnownFileType = sourcecode.c.h; path = GADAdMobExtras.h; sourceTree = "<group>"; };
		1AE82D6A1829B54000065171 /* GADAdNetworkExtras.h */ = {isa = PBXFileReference; fileEncoding = 4; lastKnownFileType = sourcecode.c.h; path = GADAdNetworkExtras.h; sourceTree = "<group>"; };
		1AE82D6B1829B54000065171 /* GADAdSize.h */ = {isa = PBXFileReference; fileEncoding = 4; lastKnownFileType = sourcecode.c.h; path = GADAdSize.h; sourceTree = "<group>"; };
		1AE82D6C1829B54000065171 /* GADBannerView.h */ = {isa = PBXFileReference; fileEncoding = 4; lastKnownFileType = sourcecode.c.h; path = GADBannerView.h; sourceTree = "<group>"; };
		1AE82D6D1829B54000065171 /* GADBannerViewDelegate.h */ = {isa = PBXFileReference; fileEncoding = 4; lastKnownFileType = sourcecode.c.h; path = GADBannerViewDelegate.h; sourceTree = "<group>"; };
		1AE82D6E1829B54000065171 /* GADInterstitial.h */ = {isa = PBXFileReference; fileEncoding = 4; lastKnownFileType = sourcecode.c.h; path = GADInterstitial.h; sourceTree = "<group>"; };
		1AE82D6F1829B54000065171 /* GADInterstitialDelegate.h */ = {isa = PBXFileReference; fileEncoding = 4; lastKnownFileType = sourcecode.c.h; path = GADInterstitialDelegate.h; sourceTree = "<group>"; };
		1AE82D701829B54000065171 /* GADRequest.h */ = {isa = PBXFileReference; fileEncoding = 4; lastKnownFileType = sourcecode.c.h; path = GADRequest.h; sourceTree = "<group>"; };
		1AE82D711829B54000065171 /* GADRequestError.h */ = {isa = PBXFileReference; fileEncoding = 4; lastKnownFileType = sourcecode.c.h; path = GADRequestError.h; sourceTree = "<group>"; };
		1AE82D721829B54000065171 /* libGoogleAdMobAds.a */ = {isa = PBXFileReference; lastKnownFileType = archive.ar; path = libGoogleAdMobAds.a; sourceTree = "<group>"; };
		1AE82D731829B54000065171 /* README.txt */ = {isa = PBXFileReference; fileEncoding = 4; lastKnownFileType = text; path = README.txt; sourceTree = "<group>"; };
		934B4363A36445DD8FC334D6 /* Pods.xcconfig */ = {isa = PBXFileReference; includeInIndex = 1; lastKnownFileType = text.xcconfig; name = Pods.xcconfig; path = Pods/Pods.xcconfig; sourceTree = "<group>"; };
/* End PBXFileReference section */

/* Begin PBXFrameworksBuildPhase section */
		1A59ACC015B639A600A3B2E7 /* Frameworks */ = {
			isa = PBXFrameworksBuildPhase;
			buildActionMask = 2147483647;
			files = (
				1A68A2501829BA2A0052F1D0 /* StoreKit.framework in Frameworks */,
				1A68A24E1829BA010052F1D0 /* AudioToolbox.framework in Frameworks */,
				1A68A24D1829B9BB0052F1D0 /* AVFoundation.framework in Frameworks */,
				1A68A24B1829B9800052F1D0 /* libFlurry.a in Frameworks */,
				1A68A24A1829B9690052F1D0 /* libGoogleAdMobAds.a in Frameworks */,
				1AAE31C2161E4B5100E3C18B /* AdSupport.framework in Frameworks */,
				1AE652CA15EEF55900226C42 /* SystemConfiguration.framework in Frameworks */,
				1A13537F15C37C6E00D8FC78 /* MessageUI.framework in Frameworks */,
				1A2AFFF715D5B8F000BDEB93 /* QuartzCore.framework in Frameworks */,
				1A1FE4C115B6D5430095F71D /* libsqlite3.dylib in Frameworks */,
				1A59ACC815B639A600A3B2E7 /* UIKit.framework in Frameworks */,
				1A59ACCA15B639A600A3B2E7 /* Foundation.framework in Frameworks */,
				1A59ACCC15B639A600A3B2E7 /* CoreGraphics.framework in Frameworks */,
				5705E3F814E144D19A572927 /* libPods.a in Frameworks */,
			);
			runOnlyForDeploymentPostprocessing = 0;
		};
/* End PBXFrameworksBuildPhase section */

/* Begin PBXGroup section */
		1A3997E31629ADDD00C8A8C7 /* Flurry */ = {
			isa = PBXGroup;
			children = (
				1A3997E41629ADFE00C8A8C7 /* Flurry.h */,
				1A3997E11629AD7D00C8A8C7 /* libFlurry.a */,
			);
			name = Flurry;
			sourceTree = "<group>";
		};
		1A59ACB815B639A600A3B2E7 = {
			isa = PBXGroup;
			children = (
				1A40FF3C1838322B0062FB32 /* Images.xcassets */,
				1AAE31AE161BEBAE00E3C18B /* ultitrack.png */,
				1AAE31AF161BEBAE00E3C18B /* ultitrack@2x.png */,
				1AA613CF15C3B5C800F0C43D /* UltiTrackPro */,
				1A59ACC615B639A600A3B2E7 /* Frameworks */,
				1A59ACC415B639A600A3B2E7 /* Products */,
				934B4363A36445DD8FC334D6 /* Pods.xcconfig */,
			);
			sourceTree = "<group>";
		};
		1A59ACC415B639A600A3B2E7 /* Products */ = {
			isa = PBXGroup;
			children = (
				1A59ACC315B639A600A3B2E7 /* UltiTrack for P90X.app */,
			);
			name = Products;
			sourceTree = "<group>";
		};
		1A59ACC615B639A600A3B2E7 /* Frameworks */ = {
			isa = PBXGroup;
			children = (
				1A68A24F1829BA2A0052F1D0 /* StoreKit.framework */,
				1A68A24C1829B9BB0052F1D0 /* AVFoundation.framework */,
				1AAE31C1161E4B5100E3C18B /* AdSupport.framework */,
				1AE652C915EEF55900226C42 /* SystemConfiguration.framework */,
				1AE652C715EEF54300226C42 /* AudioToolbox.framework */,
				1A2AFFF615D5B8F000BDEB93 /* QuartzCore.framework */,
				1AA613D015C3B5C800F0C43D /* 3rd Party */,
				1A13537E15C37C6E00D8FC78 /* MessageUI.framework */,
				1A1FE4C015B6D5430095F71D /* libsqlite3.dylib */,
				1A59ACC715B639A600A3B2E7 /* UIKit.framework */,
				1A59ACC915B639A600A3B2E7 /* Foundation.framework */,
				1A59ACCB15B639A600A3B2E7 /* CoreGraphics.framework */,
				02676A9AEBDC4CCC93E0A579 /* libPods.a */,
			);
			name = Frameworks;
			sourceTree = "<group>";
		};
		1AA613CF15C3B5C800F0C43D /* UltiTrackPro */ = {
			isa = PBXGroup;
			children = (
				1AA6140415C3B5C800F0C43D /* Classes */,
				1AA6142015C3B5C800F0C43D /* Supporting Files */,
			);
			path = UltiTrackPro;
			sourceTree = "<group>";
		};
		1AA613D015C3B5C800F0C43D /* 3rd Party */ = {
			isa = PBXGroup;
			children = (
				1AA613D115C3B5C800F0C43D /* FMDatabase.h */,
				1AA613D215C3B5C800F0C43D /* FMDatabase.m */,
				1AA613D315C3B5C800F0C43D /* FMDatabaseAdditions.h */,
				1AA613D415C3B5C800F0C43D /* FMDatabaseAdditions.m */,
				1AA613D515C3B5C800F0C43D /* FMDatabasePool.h */,
				1AA613D615C3B5C800F0C43D /* FMDatabasePool.m */,
				1AA613D715C3B5C800F0C43D /* FMDatabaseQueue.h */,
				1AA613D815C3B5C800F0C43D /* FMDatabaseQueue.m */,
				1AA613D915C3B5C800F0C43D /* FMResultSet.h */,
				1AA613DA15C3B5C800F0C43D /* FMResultSet.m */,
				1AA613DB15C3B5C800F0C43D /* IASKAppSettingsView.xib */,
				1AA613DC15C3B5C800F0C43D /* IASKAppSettingsViewController.h */,
				1AA613DD15C3B5C800F0C43D /* IASKAppSettingsViewController.m */,
				1AA613DE15C3B5C800F0C43D /* IASKAppSettingsWebView.xib */,
				1AA613DF15C3B5C800F0C43D /* IASKAppSettingsWebViewController.h */,
				1AA613E015C3B5C800F0C43D /* IASKAppSettingsWebViewController.m */,
				1AA613E115C3B5C800F0C43D /* IASKPSSliderSpecifierViewCell.h */,
				1AA613E215C3B5C800F0C43D /* IASKPSSliderSpecifierViewCell.m */,
				1AA613E315C3B5C800F0C43D /* IASKPSSliderSpecifierViewCell.xib */,
				1AA613E415C3B5C800F0C43D /* IASKPSTextFieldSpecifierViewCell.h */,
				1AA613E515C3B5C800F0C43D /* IASKPSTextFieldSpecifierViewCell.m */,
				1AA613E615C3B5C800F0C43D /* IASKPSTextFieldSpecifierViewCell.xib */,
				1AA613E715C3B5C800F0C43D /* IASKPSTitleValueSpecifierViewCell.h */,
				1AA613E815C3B5C800F0C43D /* IASKPSTitleValueSpecifierViewCell.m */,
				1AA613E915C3B5C800F0C43D /* IASKPSToggleSwitchSpecifierViewCell.h */,
				1AA613EA15C3B5C800F0C43D /* IASKPSToggleSwitchSpecifierViewCell.m */,
				1AA613EB15C3B5C800F0C43D /* IASKPSToggleSwitchSpecifierViewCell.xib */,
				1AA613EC15C3B5C800F0C43D /* IASKSettingsReader.h */,
				1AA613ED15C3B5C800F0C43D /* IASKSettingsReader.m */,
				1AA613EE15C3B5C800F0C43D /* IASKSettingsStore.h */,
				1AA613EF15C3B5C800F0C43D /* IASKSettingsStore.m */,
				1AA613F015C3B5C800F0C43D /* IASKSettingsStoreFile.h */,
				1AA613F115C3B5C800F0C43D /* IASKSettingsStoreFile.m */,
				1AA613F215C3B5C800F0C43D /* IASKSettingsStoreUserDefaults.h */,
				1AA613F315C3B5C800F0C43D /* IASKSettingsStoreUserDefaults.m */,
				1AA613F415C3B5C800F0C43D /* IASKSlider.h */,
				1AA613F515C3B5C800F0C43D /* IASKSlider.m */,
				1AA613F615C3B5C800F0C43D /* IASKSpecifier.h */,
				1AA613F715C3B5C800F0C43D /* IASKSpecifier.m */,
				1AA613F815C3B5C800F0C43D /* IASKSpecifierValuesView.xib */,
				1AA613F915C3B5C800F0C43D /* IASKSpecifierValuesViewController.h */,
				1AA613FA15C3B5C800F0C43D /* IASKSpecifierValuesViewController.m */,
				1AA613FB15C3B5C800F0C43D /* IASKSwitch.h */,
				1AA613FC15C3B5C800F0C43D /* IASKSwitch.m */,
				1AA613FD15C3B5C800F0C43D /* IASKTextField.h */,
				1AA613FE15C3B5C800F0C43D /* IASKTextField.m */,
				1AA613FF15C3B5C800F0C43D /* IASKViewController.h */,
				1AA6140015C3B5C800F0C43D /* InAppSettingsKit */,
			);
			name = "3rd Party";
			path = "UltiTrackPro/3rd Party";
			sourceTree = "<group>";
		};
		1AA6140015C3B5C800F0C43D /* InAppSettingsKit */ = {
			isa = PBXGroup;
			children = (
				1AA6140115C3B5C800F0C43D /* Controllers */,
				1AA6140215C3B5C800F0C43D /* Models */,
				1AA6140315C3B5C800F0C43D /* Views */,
			);
			path = InAppSettingsKit;
			sourceTree = "<group>";
		};
		1AA6140115C3B5C800F0C43D /* Controllers */ = {
			isa = PBXGroup;
			children = (
			);
			path = Controllers;
			sourceTree = "<group>";
		};
		1AA6140215C3B5C800F0C43D /* Models */ = {
			isa = PBXGroup;
			children = (
			);
			path = Models;
			sourceTree = "<group>";
		};
		1AA6140315C3B5C800F0C43D /* Views */ = {
			isa = PBXGroup;
			children = (
			);
			path = Views;
			sourceTree = "<group>";
		};
		1AA6140415C3B5C800F0C43D /* Classes */ = {
			isa = PBXGroup;
			children = (
				1AA6140C15C3B5C800F0C43D /* DataHelper.h */,
				1AA6140D15C3B5C800F0C43D /* DataHelper.m */,
				1AA6141715C3B5C800F0C43D /* UTPAppDelegate.h */,
				1AA6141815C3B5C800F0C43D /* UTPAppDelegate.m */,
				1AA6140515C3B5C800F0C43D /* Controllers */,
				1AA6140E15C3B5C800F0C43D /* Models */,
				1AA6141915C3B5C800F0C43D /* Views */,
			);
			path = Classes;
			sourceTree = "<group>";
		};
		1AA6140515C3B5C800F0C43D /* Controllers */ = {
			isa = PBXGroup;
			children = (
				1ABF360C15D8D40300992839 /* ExerciseDetailViewController.h */,
				1ABF360D15D8D40300992839 /* ExerciseDetailViewController.m */,
				1AA6140615C3B5C800F0C43D /* DaysTableViewController.h */,
				1AA6140715C3B5C800F0C43D /* DaysTableViewController.m */,
				1AA6140815C3B5C800F0C43D /* ProgramsTableViewController.h */,
				1AA6140915C3B5C800F0C43D /* ProgramsTableViewController.m */,
				1ABB690815FAC18200A81E48 /* BandSetTableViewController.h */,
				1ABB690915FAC18200A81E48 /* BandSetTableViewController.m */,
				1AE179FD1607B8290032B363 /* BandDetailTableViewController.h */,
				1AE179FE1607B8290032B363 /* BandDetailTableViewController.m */,
				1AE17A10160985980032B363 /* HistoryTableViewController.h */,
				1AE17A11160985990032B363 /* HistoryTableViewController.m */,
				1A7A60FB1618A3DB00DD7A17 /* NotesViewController.h */,
				1A7A60FC1618A3DB00DD7A17 /* NotesViewController.m */,
				1A174DF01629BE20001D4CFC /* HistoryEditViewController.h */,
				1A174DF11629BE20001D4CFC /* HistoryEditViewController.m */,
				1A68A2511829C2160052F1D0 /* AdViewController.h */,
				1A68A2521829C2160052F1D0 /* AdViewController.m */,
			);
			path = Controllers;
			sourceTree = "<group>";
		};
		1AA6140E15C3B5C800F0C43D /* Models */ = {
			isa = PBXGroup;
			children = (
				1AA6140F15C3B5C800F0C43D /* Day.h */,
				1AA6141015C3B5C800F0C43D /* Day.m */,
				1AA6141115C3B5C800F0C43D /* Exercise.h */,
				1AA6141215C3B5C800F0C43D /* Exercise.m */,
				1AA6141315C3B5C800F0C43D /* Program.h */,
				1AA6141415C3B5C800F0C43D /* Program.m */,
				1A53C5E715DD9BCE007CB53B /* Stat.h */,
				1A53C5E815DD9BCE007CB53B /* Stat.m */,
				1ABB690C15FAD23A00A81E48 /* Band.h */,
				1ABB690D15FAD23A00A81E48 /* Band.m */,
				1ABB690F15FAD76200A81E48 /* BandSet.h */,
				1ABB691015FAD76300A81E48 /* BandSet.m */,
			);
			path = Models;
			sourceTree = "<group>";
		};
		1AA6141915C3B5C800F0C43D /* Views */ = {
			isa = PBXGroup;
			children = (
				1AA6141A15C3B5C800F0C43D /* MainStoryboard.storyboard */,
				1A2B5B8F15FBDB2A002CCAAC /* BandSetCell.h */,
				1A2B5B9015FBDB2A002CCAAC /* BandSetCell.m */,
				1AE17A051607D9470032B363 /* BandDetailCell.h */,
				1AE17A061607D9470032B363 /* BandDetailCell.m */,
				1AE17A13160AC0FC0032B363 /* HistoryCell.h */,
				1AE17A14160AC0FD0032B363 /* HistoryCell.m */,
			);
			path = Views;
			sourceTree = "<group>";
		};
		1AA6141B15C3B5C800F0C43D /* Images */ = {
			isa = PBXGroup;
			children = (
				1AAE31DF161E8F8F00E3C18B /* reset_pressed@2x.png */,
				1AAE31E0161E8F8F00E3C18B /* reset@2x.png */,
				1AAE31E1161E8F8F00E3C18B /* start_pressed@2x.png */,
				1AAE31E2161E8F8F00E3C18B /* start@2x.png */,
				1AAE31E3161E8F8F00E3C18B /* stop_pressed@2x.png */,
				1AAE31E4161E8F8F00E3C18B /* stop@2x.png */,
				1AAE31DD161E7C8700E3C18B /* metal@2x.png */,
				1AAE31D7161E792E00E3C18B /* metal_pressed@2x.png */,
				1AAE31C3161E4CB900E3C18B /* Background@2x.png */,
				1A5BA0C21617760E005844A1 /* active@2x.png */,
				1AE17A0C16080D9F0032B363 /* 83-calendar.png */,
				1AE17A0D16080D9F0032B363 /* 83-calendar@2x.png */,
				1ABF360F15D8D93500992839 /* 39-back.png */,
				1ABF361015D8D93500992839 /* 39-back@2x.png */,
				1ABF361115D8D93500992839 /* 40-forward.png */,
				1ABF361215D8D93500992839 /* 40-forward@2x.png */,
				1AA8854F15D72D3200C6894A /* 19-circle-check.png */,
				1AA8855015D72D3200C6894A /* 19-circle-check@2x.png */,
				1AA8855115D72D3200C6894A /* 37-circle-x.png */,
				1AA8855215D72D3200C6894A /* 37-circle-x@2x.png */,
				1AA6141C15C3B5C800F0C43D /* 14-gear.png */,
				1AA6141D15C3B5C800F0C43D /* 14-gear@2x.png */,
				1AA6141E15C3B5C800F0C43D /* 89-dumbells.png */,
				1AA6141F15C3B5C800F0C43D /* 89-dumbells@2x.png */,
			);
			name = Images;
			path = ../Images;
			sourceTree = "<group>";
		};
		1AA6142015C3B5C800F0C43D /* Supporting Files */ = {
			isa = PBXGroup;
			children = (
				1A3997E31629ADDD00C8A8C7 /* Flurry */,
				1AD352B615F3CAB000E4C29A /* UT90.sqlite */,
				1AE652BA15EEF46700226C42 /* adMob */,
				1AA6141B15C3B5C800F0C43D /* Images */,
				1AA6142415C3B5C800F0C43D /* UltiTrack for P90X-Info.plist */,
				1AA6142515C3B5C800F0C43D /* UltiTrack for P90X-Prefix.pch */,
				1AA6142115C3B5C800F0C43D /* InfoPlist.strings */,
				1AA6142215C3B5C800F0C43D /* main.m */,
				1AA6142315C3B5C800F0C43D /* Settings.bundle */,
				1ABFBF2C15C8AB2D00F93D62 /* ProgramSettings.plist */,
			);
			path = "Supporting Files";
			sourceTree = "<group>";
		};
		1AE652BA15EEF46700226C42 /* adMob */ = {
			isa = PBXGroup;
			children = (
				1AE82D691829B54000065171 /* GADAdMobExtras.h */,
				1AE82D6A1829B54000065171 /* GADAdNetworkExtras.h */,
				1AE82D6B1829B54000065171 /* GADAdSize.h */,
				1AE82D6C1829B54000065171 /* GADBannerView.h */,
				1AE82D6D1829B54000065171 /* GADBannerViewDelegate.h */,
				1AE82D6E1829B54000065171 /* GADInterstitial.h */,
				1AE82D6F1829B54000065171 /* GADInterstitialDelegate.h */,
				1AE82D701829B54000065171 /* GADRequest.h */,
				1AE82D711829B54000065171 /* GADRequestError.h */,
				1AE82D721829B54000065171 /* libGoogleAdMobAds.a */,
				1AE82D731829B54000065171 /* README.txt */,
			);
			path = adMob;
			sourceTree = "<group>";
		};
/* End PBXGroup section */

/* Begin PBXNativeTarget section */
		1A59ACC215B639A600A3B2E7 /* UltiTrack for P90X */ = {
			isa = PBXNativeTarget;
			buildConfigurationList = 1A59ACE115B639A600A3B2E7 /* Build configuration list for PBXNativeTarget "UltiTrack for P90X" */;
			buildPhases = (
				2F82AB6DC0DF4FDBAC8CAE9A /* Check Pods Manifest.lock */,
				1A59ACBF15B639A600A3B2E7 /* Sources */,
				1A59ACC015B639A600A3B2E7 /* Frameworks */,
				1A59ACC115B639A600A3B2E7 /* Resources */,
				A8D4519C64674711A3BB3219 /* Copy Pods Resources */,
			);
			buildRules = (
			);
			dependencies = (
			);
			name = "UltiTrack for P90X";
			productName = UltiTrackPro;
			productReference = 1A59ACC315B639A600A3B2E7 /* UltiTrack for P90X.app */;
			productType = "com.apple.product-type.application";
		};
/* End PBXNativeTarget section */

/* Begin PBXProject section */
		1A59ACBA15B639A600A3B2E7 /* Project object */ = {
			isa = PBXProject;
			attributes = {
				CLASSPREFIX = UTP;
				LastUpgradeCheck = 0500;
				ORGANIZATIONNAME = "James Montgomery";
				TargetAttributes = {
					1A59ACC215B639A600A3B2E7 = {
						DevelopmentTeam = NF4KU83T27;
					};
				};
			};
			buildConfigurationList = 1A59ACBD15B639A600A3B2E7 /* Build configuration list for PBXProject "UltiTrack for P90X" */;
			compatibilityVersion = "Xcode 3.2";
			developmentRegion = English;
			hasScannedForEncodings = 0;
			knownRegions = (
				en,
			);
			mainGroup = 1A59ACB815B639A600A3B2E7;
			productRefGroup = 1A59ACC415B639A600A3B2E7 /* Products */;
			projectDirPath = "";
			projectRoot = "";
			targets = (
				1A59ACC215B639A600A3B2E7 /* UltiTrack for P90X */,
			);
		};
/* End PBXProject section */

/* Begin PBXResourcesBuildPhase section */
		1A59ACC115B639A600A3B2E7 /* Resources */ = {
			isa = PBXResourcesBuildPhase;
			buildActionMask = 2147483647;
			files = (
				1AA6142C15C3B5C800F0C43D /* IASKAppSettingsView.xib in Resources */,
				1AA6142E15C3B5C800F0C43D /* IASKAppSettingsWebView.xib in Resources */,
				1AA6143115C3B5C800F0C43D /* IASKPSSliderSpecifierViewCell.xib in Resources */,
				1A40FF3D1838322B0062FB32 /* Images.xcassets in Resources */,
				1AA6143315C3B5C800F0C43D /* IASKPSTextFieldSpecifierViewCell.xib in Resources */,
				1AA6143615C3B5C800F0C43D /* IASKPSToggleSwitchSpecifierViewCell.xib in Resources */,
				1AA6143D15C3B5C800F0C43D /* IASKSpecifierValuesView.xib in Resources */,
				1AA6144A15C3B5C800F0C43D /* MainStoryboard.storyboard in Resources */,
				1AA6144B15C3B5C800F0C43D /* 14-gear.png in Resources */,
				1AA6144C15C3B5C800F0C43D /* 14-gear@2x.png in Resources */,
				1AA6144D15C3B5C800F0C43D /* 89-dumbells.png in Resources */,
				1AA6144E15C3B5C800F0C43D /* 89-dumbells@2x.png in Resources */,
				1AA6144F15C3B5C800F0C43D /* InfoPlist.strings in Resources */,
				1AA6145115C3B5C800F0C43D /* Settings.bundle in Resources */,
				1ABFBF2D15C8AB2D00F93D62 /* ProgramSettings.plist in Resources */,
				1AA8855315D72D3200C6894A /* 19-circle-check.png in Resources */,
				1AA8855415D72D3200C6894A /* 19-circle-check@2x.png in Resources */,
				1AE82D751829B54000065171 /* README.txt in Resources */,
				1AA8855515D72D3200C6894A /* 37-circle-x.png in Resources */,
				1AA8855615D72D3200C6894A /* 37-circle-x@2x.png in Resources */,
				1ABF361315D8D93500992839 /* 39-back.png in Resources */,
				1ABF361415D8D93500992839 /* 39-back@2x.png in Resources */,
				1ABF361515D8D93500992839 /* 40-forward.png in Resources */,
				1ABF361615D8D93500992839 /* 40-forward@2x.png in Resources */,
				1AD352B715F3CAB000E4C29A /* UT90.sqlite in Resources */,
				1AE17A0E16080D9F0032B363 /* 83-calendar.png in Resources */,
				1AE17A0F16080D9F0032B363 /* 83-calendar@2x.png in Resources */,
				1A5BA0C31617760E005844A1 /* active@2x.png in Resources */,
				1AAE31B0161BEBAE00E3C18B /* ultitrack.png in Resources */,
				1AAE31B1161BEBAE00E3C18B /* ultitrack@2x.png in Resources */,
				1AAE31C4161E4CB900E3C18B /* Background@2x.png in Resources */,
				1AAE31D9161E792E00E3C18B /* metal_pressed@2x.png in Resources */,
				1AAE31DE161E7C8800E3C18B /* metal@2x.png in Resources */,
				1AAE31E5161E8F9000E3C18B /* reset_pressed@2x.png in Resources */,
				1AAE31E6161E8F9000E3C18B /* reset@2x.png in Resources */,
				1AAE31E7161E8F9000E3C18B /* start_pressed@2x.png in Resources */,
				1AAE31E8161E8F9000E3C18B /* start@2x.png in Resources */,
				1AAE31E9161E8F9000E3C18B /* stop_pressed@2x.png in Resources */,
				1AAE31EA161E8F9000E3C18B /* stop@2x.png in Resources */,
			);
			runOnlyForDeploymentPostprocessing = 0;
		};
/* End PBXResourcesBuildPhase section */

/* Begin PBXShellScriptBuildPhase section */
		2F82AB6DC0DF4FDBAC8CAE9A /* Check Pods Manifest.lock */ = {
			isa = PBXShellScriptBuildPhase;
			buildActionMask = 2147483647;
			files = (
			);
			inputPaths = (
			);
			name = "Check Pods Manifest.lock";
			outputPaths = (
			);
			runOnlyForDeploymentPostprocessing = 0;
			shellPath = /bin/sh;
			shellScript = "diff \"${PODS_ROOT}/../Podfile.lock\" \"${PODS_ROOT}/Manifest.lock\" > /dev/null\nif [[ $? != 0 ]] ; then\n    cat << EOM\nerror: The sandbox is not in sync with the Podfile.lock. Run 'pod install' or update your CocoaPods installation.\nEOM\n    exit 1\nfi\n";
			showEnvVarsInLog = 0;
		};
		A8D4519C64674711A3BB3219 /* Copy Pods Resources */ = {
			isa = PBXShellScriptBuildPhase;
			buildActionMask = 2147483647;
			files = (
			);
			inputPaths = (
			);
			name = "Copy Pods Resources";
			outputPaths = (
			);
			runOnlyForDeploymentPostprocessing = 0;
			shellPath = /bin/sh;
			shellScript = "\"${SRCROOT}/Pods/Pods-resources.sh\"\n";
			showEnvVarsInLog = 0;
		};
/* End PBXShellScriptBuildPhase section */

/* Begin PBXSourcesBuildPhase section */
		1A59ACBF15B639A600A3B2E7 /* Sources */ = {
			isa = PBXSourcesBuildPhase;
			buildActionMask = 2147483647;
			files = (
				1A68A2531829C2160052F1D0 /* AdViewController.m in Sources */,
				1AA6142715C3B5C800F0C43D /* FMDatabase.m in Sources */,
				1AA6142815C3B5C800F0C43D /* FMDatabaseAdditions.m in Sources */,
				1AA6142915C3B5C800F0C43D /* FMDatabasePool.m in Sources */,
				1AA6142A15C3B5C800F0C43D /* FMDatabaseQueue.m in Sources */,
				1AA6142B15C3B5C800F0C43D /* FMResultSet.m in Sources */,
				1AA6142D15C3B5C800F0C43D /* IASKAppSettingsViewController.m in Sources */,
				1AA6142F15C3B5C800F0C43D /* IASKAppSettingsWebViewController.m in Sources */,
				1AA6143015C3B5C800F0C43D /* IASKPSSliderSpecifierViewCell.m in Sources */,
				1AA6143215C3B5C800F0C43D /* IASKPSTextFieldSpecifierViewCell.m in Sources */,
				1AA6143415C3B5C800F0C43D /* IASKPSTitleValueSpecifierViewCell.m in Sources */,
				1AA6143515C3B5C800F0C43D /* IASKPSToggleSwitchSpecifierViewCell.m in Sources */,
				1AA6143715C3B5C800F0C43D /* IASKSettingsReader.m in Sources */,
				1AA6143815C3B5C800F0C43D /* IASKSettingsStore.m in Sources */,
				1AA6143915C3B5C800F0C43D /* IASKSettingsStoreFile.m in Sources */,
				1AA6143A15C3B5C800F0C43D /* IASKSettingsStoreUserDefaults.m in Sources */,
				1AA6143B15C3B5C800F0C43D /* IASKSlider.m in Sources */,
				1AA6143C15C3B5C800F0C43D /* IASKSpecifier.m in Sources */,
				1AA6143E15C3B5C800F0C43D /* IASKSpecifierValuesViewController.m in Sources */,
				1AA6143F15C3B5C800F0C43D /* IASKSwitch.m in Sources */,
				1AA6144015C3B5C800F0C43D /* IASKTextField.m in Sources */,
				1AA6144115C3B5C800F0C43D /* DaysTableViewController.m in Sources */,
				1AA6144215C3B5C800F0C43D /* ProgramsTableViewController.m in Sources */,
				1AA6144415C3B5C800F0C43D /* DataHelper.m in Sources */,
				1AA6144515C3B5C800F0C43D /* Day.m in Sources */,
				1AA6144615C3B5C800F0C43D /* Exercise.m in Sources */,
				1AA6144715C3B5C800F0C43D /* Program.m in Sources */,
				1AA6144915C3B5C800F0C43D /* UTPAppDelegate.m in Sources */,
				1AA6145015C3B5C800F0C43D /* main.m in Sources */,
				1ABF360E15D8D40300992839 /* ExerciseDetailViewController.m in Sources */,
				1A53C5E915DD9BCE007CB53B /* Stat.m in Sources */,
				1ABB690A15FAC18200A81E48 /* BandSetTableViewController.m in Sources */,
				1ABB690E15FAD23A00A81E48 /* Band.m in Sources */,
				1ABB691115FAD76300A81E48 /* BandSet.m in Sources */,
				1A2B5B9115FBDB2A002CCAAC /* BandSetCell.m in Sources */,
				1AE179FF1607B8290032B363 /* BandDetailTableViewController.m in Sources */,
				1AE17A071607D9470032B363 /* BandDetailCell.m in Sources */,
				1AE17A12160985990032B363 /* HistoryTableViewController.m in Sources */,
				1AE17A15160AC0FD0032B363 /* HistoryCell.m in Sources */,
				1A7A60FD1618A3DB00DD7A17 /* NotesViewController.m in Sources */,
				1A174DF21629BE20001D4CFC /* HistoryEditViewController.m in Sources */,
			);
			runOnlyForDeploymentPostprocessing = 0;
		};
/* End PBXSourcesBuildPhase section */

/* Begin XCBuildConfiguration section */
		1A59ACDF15B639A600A3B2E7 /* Debug */ = {
			isa = XCBuildConfiguration;
			buildSettings = {
				ALWAYS_SEARCH_USER_PATHS = NO;
				CLANG_CXX_LANGUAGE_STANDARD = "gnu++0x";
				CLANG_ENABLE_OBJC_ARC = YES;
				CLANG_WARN_BOOL_CONVERSION = YES;
				CLANG_WARN_CONSTANT_CONVERSION = YES;
				CLANG_WARN_EMPTY_BODY = YES;
				CLANG_WARN_ENUM_CONVERSION = YES;
				CLANG_WARN_INT_CONVERSION = YES;
				CLANG_WARN__DUPLICATE_METHOD_MATCH = YES;
				CODE_SIGN_IDENTITY = "";
				"CODE_SIGN_IDENTITY[sdk=iphoneos*]" = "";
				COPY_PHASE_STRIP = NO;
				GCC_C_LANGUAGE_STANDARD = gnu99;
				GCC_DYNAMIC_NO_PIC = NO;
				GCC_OPTIMIZATION_LEVEL = 0;
				GCC_PREPROCESSOR_DEFINITIONS = (
					"DEBUG=1",
					"$(inherited)",
				);
				GCC_SYMBOLS_PRIVATE_EXTERN = NO;
				GCC_VERSION = com.apple.compilers.llvm.clang.1_0;
				GCC_WARN_64_TO_32_BIT_CONVERSION = YES;
				GCC_WARN_ABOUT_RETURN_TYPE = YES;
				GCC_WARN_UNDECLARED_SELECTOR = YES;
				GCC_WARN_UNINITIALIZED_AUTOS = YES;
				GCC_WARN_UNUSED_FUNCTION = YES;
				GCC_WARN_UNUSED_VARIABLE = YES;
				IPHONEOS_DEPLOYMENT_TARGET = 7.0;
				ONLY_ACTIVE_ARCH = YES;
				SDKROOT = iphoneos;
			};
			name = Debug;
		};
		1A59ACE015B639A600A3B2E7 /* Release */ = {
			isa = XCBuildConfiguration;
			buildSettings = {
				ALWAYS_SEARCH_USER_PATHS = NO;
				CLANG_CXX_LANGUAGE_STANDARD = "gnu++0x";
				CLANG_ENABLE_OBJC_ARC = YES;
				CLANG_WARN_BOOL_CONVERSION = YES;
				CLANG_WARN_CONSTANT_CONVERSION = YES;
				CLANG_WARN_EMPTY_BODY = YES;
				CLANG_WARN_ENUM_CONVERSION = YES;
				CLANG_WARN_INT_CONVERSION = YES;
				CLANG_WARN__DUPLICATE_METHOD_MATCH = YES;
				CODE_SIGN_IDENTITY = "";
				"CODE_SIGN_IDENTITY[sdk=iphoneos*]" = "";
				COPY_PHASE_STRIP = YES;
				GCC_C_LANGUAGE_STANDARD = gnu99;
				GCC_VERSION = com.apple.compilers.llvm.clang.1_0;
				GCC_WARN_64_TO_32_BIT_CONVERSION = YES;
				GCC_WARN_ABOUT_RETURN_TYPE = YES;
				GCC_WARN_UNDECLARED_SELECTOR = YES;
				GCC_WARN_UNINITIALIZED_AUTOS = YES;
				GCC_WARN_UNUSED_FUNCTION = YES;
				GCC_WARN_UNUSED_VARIABLE = YES;
				IPHONEOS_DEPLOYMENT_TARGET = 7.0;
				OTHER_CFLAGS = "-DNS_BLOCK_ASSERTIONS=1";
				SDKROOT = iphoneos;
				VALIDATE_PRODUCT = YES;
			};
			name = Release;
		};
		1A59ACE215B639A600A3B2E7 /* Debug */ = {
			isa = XCBuildConfiguration;
			baseConfigurationReference = 934B4363A36445DD8FC334D6 /* Pods.xcconfig */;
			buildSettings = {
				ASSETCATALOG_COMPILER_APPICON_NAME = AppIcon;
				ASSETCATALOG_COMPILER_LAUNCHIMAGE_NAME = LaunchImage;
				CLANG_ENABLE_OBJC_ARC = YES;
				CODE_SIGN_IDENTITY = "iPhone Developer";
				"CODE_SIGN_IDENTITY[sdk=iphoneos*]" = "iPhone Developer";
				GCC_PRECOMPILE_PREFIX_HEADER = YES;
				GCC_PREFIX_HEADER = "UltiTrackPro/UltiTrack for P90X-Prefix.pch";
				INFOPLIST_FILE = "UltiTrackPro/UltiTrack for P90X-Info.plist";
				IPHONEOS_DEPLOYMENT_TARGET = 7.0;
				LIBRARY_SEARCH_PATHS = (
					"$(inherited)",
					"/Users/james/Downloads/UT90-iOS-development/UltiTrackPro/Supporting\\ Files/adMob",
					"/Users/james/Downloads/UT90-iOS-development/UltiTrackPro/Supporting\\ Files/Flurry",
				);
				OTHER_LDFLAGS = "-ObjC";
				PRODUCT_NAME = "UltiTrack for P90X";
				PROVISIONING_PROFILE = "";
				"PROVISIONING_PROFILE[sdk=iphoneos*]" = "EA4259FC-951A-449A-B2A4-6D9E7D8B666E";
				SDKROOT = iphoneos;
				TARGETED_DEVICE_FAMILY = 1;
				VALID_ARCHS = "armv7s armv7";
				WRAPPER_EXTENSION = app;
			};
			name = Debug;
		};
		1A59ACE315B639A600A3B2E7 /* Release */ = {
			isa = XCBuildConfiguration;
			baseConfigurationReference = 934B4363A36445DD8FC334D6 /* Pods.xcconfig */;
			buildSettings = {
				ASSETCATALOG_COMPILER_APPICON_NAME = AppIcon;
				ASSETCATALOG_COMPILER_LAUNCHIMAGE_NAME = LaunchImage;
				CLANG_ENABLE_OBJC_ARC = YES;
				CODE_SIGN_IDENTITY = "iPhone Distribution";
				"CODE_SIGN_IDENTITY[sdk=iphoneos*]" = "";
				GCC_PRECOMPILE_PREFIX_HEADER = YES;
				GCC_PREFIX_HEADER = "UltiTrackPro/UltiTrack for P90X-Prefix.pch";
				INFOPLIST_FILE = "UltiTrackPro/UltiTrack for P90X-Info.plist";
				IPHONEOS_DEPLOYMENT_TARGET = 7.0;
				LIBRARY_SEARCH_PATHS = (
					"$(inherited)",
					"/Users/james/Downloads/UT90-iOS-development/UltiTrackPro/Supporting\\ Files/adMob",
					"/Users/james/Downloads/UT90-iOS-development/UltiTrackPro/Supporting\\ Files/Flurry",
				);
				OTHER_LDFLAGS = "-ObjC";
				PRODUCT_NAME = "UltiTrack for P90X";
				PROVISIONING_PROFILE = "EA4259FC-951A-449A-B2A4-6D9E7D8B666E";
				"PROVISIONING_PROFILE[sdk=iphoneos*]" = "EA4259FC-951A-449A-B2A4-6D9E7D8B666E";
				SDKROOT = iphoneos;
				TARGETED_DEVICE_FAMILY = 1;
				VALID_ARCHS = "armv7s armv7";
				WRAPPER_EXTENSION = app;
			};
			name = Release;
		};
/* End XCBuildConfiguration section */

/* Begin XCConfigurationList section */
		1A59ACBD15B639A600A3B2E7 /* Build configuration list for PBXProject "UltiTrack for P90X" */ = {
			isa = XCConfigurationList;
			buildConfigurations = (
				1A59ACDF15B639A600A3B2E7 /* Debug */,
				1A59ACE015B639A600A3B2E7 /* Release */,
			);
			defaultConfigurationIsVisible = 0;
			defaultConfigurationName = Release;
		};
		1A59ACE115B639A600A3B2E7 /* Build configuration list for PBXNativeTarget "UltiTrack for P90X" */ = {
			isa = XCConfigurationList;
			buildConfigurations = (
				1A59ACE215B639A600A3B2E7 /* Debug */,
				1A59ACE315B639A600A3B2E7 /* Release */,
			);
			defaultConfigurationIsVisible = 0;
			defaultConfigurationName = Release;
		};
/* End XCConfigurationList section */
	};
	rootObject = 1A59ACBA15B639A600A3B2E7 /* Project object */;
}
